
Microsoft Visual Studio Solution File, Format Version 12.00
Project("{2150E333-8FDC-42A3-9474-1A3956D46DE8}") = "src", "src", "{05BC5B0B-E834-4824-A47F-9735ABB74B87}"
EndProject
Project("{2150E333-8FDC-42A3-9474-1A3956D46DE8}") = "tests", "tests", "{3EAEE252-4B2B-4AE2-9A81-DDC28EA2B2F5}"
EndProject
Project("{2150E333-8FDC-42A3-9474-1A3956D46DE8}") = "Shared", "Shared", "{77F41002-B6E8-44B9-98A9-FE1DE57F555F}"
EndProject
Project("{2150E333-8FDC-42A3-9474-1A3956D46DE8}") = "Products", "Products", "{5619F1AD-153D-492D-B9D5-D4527BD3C74E}"
EndProject
Project("{FAE04EC0-301F-11D3-BF4B-00C04F79EFBC}") = "Products.UnitTests", "tests\Products.UnitTests\Products.UnitTests.csproj", "{8988F5D2-B19B-4079-B4E6-2D7769DCF707}"
EndProject
Project("{FAE04EC0-301F-11D3-BF4B-00C04F79EFBC}") = "ExpensesMonitor.API", "src\ExpensesMonitor.API\ExpensesMonitor.API.csproj", "{26BF4DFE-A622-417E-AD9E-E5B18222AF87}"
EndProject
Project("{FAE04EC0-301F-11D3-BF4B-00C04F79EFBC}") = "ExpensesMonitor.Shared", "src\ExpensesMonitor.Shared\ExpensesMonitor.Shared.csproj", "{E942E9C2-A62A-487A-B0EF-CE81275C9201}"
EndProject
Project("{FAE04EC0-301F-11D3-BF4B-00C04F79EFBC}") = "ExpensesMonitor.Domain", "src\ExpensesMonitor.Domain\ExpensesMonitor.Domain.csproj", "{9A20776D-E43D-4661-AC83-5EFEAE00C9EF}"
EndProject
Project("{FAE04EC0-301F-11D3-BF4B-00C04F79EFBC}") = "ExpensesMonitor.Application", "src\ExpensesMonitor.Application\ExpensesMonitor.Application.csproj", "{F3971B13-70AD-414D-81CF-13897AED30A9}"
EndProject
Project("{FAE04EC0-301F-11D3-BF4B-00C04F79EFBC}") = "ExpensesMonitor.Infrastructure", "src\ExpensesMonitor.Infrastructure\ExpensesMonitor.Infrastructure.csproj", "{7E87019C-6437-42BF-B1CB-C81911C6ACCA}"
EndProject
Global
	GlobalSection(SolutionConfigurationPlatforms) = preSolution
		Debug|Any CPU = Debug|Any CPU
		Release|Any CPU = Release|Any CPU
	EndGlobalSection
	GlobalSection(ProjectConfigurationPlatforms) = postSolution
		{8988F5D2-B19B-4079-B4E6-2D7769DCF707}.Debug|Any CPU.ActiveCfg = Debug|Any CPU
		{8988F5D2-B19B-4079-B4E6-2D7769DCF707}.Debug|Any CPU.Build.0 = Debug|Any CPU
		{8988F5D2-B19B-4079-B4E6-2D7769DCF707}.Release|Any CPU.ActiveCfg = Release|Any CPU
		{8988F5D2-B19B-4079-B4E6-2D7769DCF707}.Release|Any CPU.Build.0 = Release|Any CPU
		{26BF4DFE-A622-417E-AD9E-E5B18222AF87}.Debug|Any CPU.ActiveCfg = Debug|Any CPU
		{26BF4DFE-A622-417E-AD9E-E5B18222AF87}.Debug|Any CPU.Build.0 = Debug|Any CPU
		{26BF4DFE-A622-417E-AD9E-E5B18222AF87}.Release|Any CPU.ActiveCfg = Release|Any CPU
		{26BF4DFE-A622-417E-AD9E-E5B18222AF87}.Release|Any CPU.Build.0 = Release|Any CPU
		{E942E9C2-A62A-487A-B0EF-CE81275C9201}.Debug|Any CPU.ActiveCfg = Debug|Any CPU
		{E942E9C2-A62A-487A-B0EF-CE81275C9201}.Debug|Any CPU.Build.0 = Debug|Any CPU
		{E942E9C2-A62A-487A-B0EF-CE81275C9201}.Release|Any CPU.ActiveCfg = Release|Any CPU
		{E942E9C2-A62A-487A-B0EF-CE81275C9201}.Release|Any CPU.Build.0 = Release|Any CPU
		{9A20776D-E43D-4661-AC83-5EFEAE00C9EF}.Debug|Any CPU.ActiveCfg = Debug|Any CPU
		{9A20776D-E43D-4661-AC83-5EFEAE00C9EF}.Debug|Any CPU.Build.0 = Debug|Any CPU
		{9A20776D-E43D-4661-AC83-5EFEAE00C9EF}.Release|Any CPU.ActiveCfg = Release|Any CPU
		{9A20776D-E43D-4661-AC83-5EFEAE00C9EF}.Release|Any CPU.Build.0 = Release|Any CPU
		{F3971B13-70AD-414D-81CF-13897AED30A9}.Debug|Any CPU.ActiveCfg = Debug|Any CPU
		{F3971B13-70AD-414D-81CF-13897AED30A9}.Debug|Any CPU.Build.0 = Debug|Any CPU
		{F3971B13-70AD-414D-81CF-13897AED30A9}.Release|Any CPU.ActiveCfg = Release|Any CPU
		{F3971B13-70AD-414D-81CF-13897AED30A9}.Release|Any CPU.Build.0 = Release|Any CPU
		{7E87019C-6437-42BF-B1CB-C81911C6ACCA}.Debug|Any CPU.ActiveCfg = Debug|Any CPU
		{7E87019C-6437-42BF-B1CB-C81911C6ACCA}.Debug|Any CPU.Build.0 = Debug|Any CPU
		{7E87019C-6437-42BF-B1CB-C81911C6ACCA}.Release|Any CPU.ActiveCfg = Release|Any CPU
		{7E87019C-6437-42BF-B1CB-C81911C6ACCA}.Release|Any CPU.Build.0 = Release|Any CPU
	EndGlobalSection
	GlobalSection(NestedProjects) = preSolution
		{77F41002-B6E8-44B9-98A9-FE1DE57F555F} = {05BC5B0B-E834-4824-A47F-9735ABB74B87}
		{5619F1AD-153D-492D-B9D5-D4527BD3C74E} = {05BC5B0B-E834-4824-A47F-9735ABB74B87}
		{8988F5D2-B19B-4079-B4E6-2D7769DCF707} = {3EAEE252-4B2B-4AE2-9A81-DDC28EA2B2F5}
		{26BF4DFE-A622-417E-AD9E-E5B18222AF87} = {05BC5B0B-E834-4824-A47F-9735ABB74B87}
		{E942E9C2-A62A-487A-B0EF-CE81275C9201} = {77F41002-B6E8-44B9-98A9-FE1DE57F555F}
		{9A20776D-E43D-4661-AC83-5EFEAE00C9EF} = {5619F1AD-153D-492D-B9D5-D4527BD3C74E}
		{F3971B13-70AD-414D-81CF-13897AED30A9} = {5619F1AD-153D-492D-B9D5-D4527BD3C74E}
		{7E87019C-6437-42BF-B1CB-C81911C6ACCA} = {5619F1AD-153D-492D-B9D5-D4527BD3C74E}
	EndGlobalSection
EndGlobal
